
Microsoft Visual Studio Solution File, Format Version 12.00
# Visual Studio Version 17
VisualStudioVersion = 17.1.32210.238
MinimumVisualStudioVersion = 10.0.40219.1
Project("{FAE04EC0-301F-11D3-BF4B-00C04F79EFBC}") = "DataAccess", "DataAccess\DataAccess.csproj", "{656FDA75-F379-438D-A738-17DC3B661A21}"
EndProject
Project("{FAE04EC0-301F-11D3-BF4B-00C04F79EFBC}") = "Business", "Business\Business.csproj", "{F833B77D-2591-49AC-B174-24A0706840B7}"
EndProject
Project("{FAE04EC0-301F-11D3-BF4B-00C04F79EFBC}") = "Entities", "Entities\Entities.csproj", "{6A4BE8C4-4F5C-4FC8-A257-3C8460E72D11}"
EndProject
Project("{FAE04EC0-301F-11D3-BF4B-00C04F79EFBC}") = "ConsoleUI", "ConsoleUI\ConsoleUI.csproj", "{C545DC64-4F99-4B22-A6CA-434CAD3E8B3F}"
EndProject
Global
	GlobalSection(SolutionConfigurationPlatforms) = preSolution
		Debug|Any CPU = Debug|Any CPU
		Release|Any CPU = Release|Any CPU
	EndGlobalSection
	GlobalSection(ProjectConfigurationPlatforms) = postSolution
		{656FDA75-F379-438D-A738-17DC3B661A21}.Debug|Any CPU.ActiveCfg = Debug|Any CPU
		{656FDA75-F379-438D-A738-17DC3B661A21}.Debug|Any CPU.Build.0 = Debug|Any CPU
		{656FDA75-F379-438D-A738-17DC3B661A21}.Release|Any CPU.ActiveCfg = Release|Any CPU
		{656FDA75-F379-438D-A738-17DC3B661A21}.Release|Any CPU.Build.0 = Release|Any CPU
		{F833B77D-2591-49AC-B174-24A0706840B7}.Debug|Any CPU.ActiveCfg = Debug|Any CPU
		{F833B77D-2591-49AC-B174-24A0706840B7}.Debug|Any CPU.Build.0 = Debug|Any CPU
		{F833B77D-2591-49AC-B174-24A0706840B7}.Release|Any CPU.ActiveCfg = Release|Any CPU
		{F833B77D-2591-49AC-B174-24A0706840B7}.Release|Any CPU.Build.0 = Release|Any CPU
		{6A4BE8C4-4F5C-4FC8-A257-3C8460E72D11}.Debug|Any CPU.ActiveCfg = Debug|Any CPU
		{6A4BE8C4-4F5C-4FC8-A257-3C8460E72D11}.Debug|Any CPU.Build.0 = Debug|Any CPU
		{6A4BE8C4-4F5C-4FC8-A257-3C8460E72D11}.Release|Any CPU.ActiveCfg = Release|Any CPU
		{6A4BE8C4-4F5C-4FC8-A257-3C8460E72D11}.Release|Any CPU.Build.0 = Release|Any CPU
		{C545DC64-4F99-4B22-A6CA-434CAD3E8B3F}.Debug|Any CPU.ActiveCfg = Debug|Any CPU
		{C545DC64-4F99-4B22-A6CA-434CAD3E8B3F}.Debug|Any CPU.Build.0 = Debug|Any CPU
		{C545DC64-4F99-4B22-A6CA-434CAD3E8B3F}.Release|Any CPU.ActiveCfg = Release|Any CPU
		{C545DC64-4F99-4B22-A6CA-434CAD3E8B3F}.Release|Any CPU.Build.0 = Release|Any CPU
	EndGlobalSection
	GlobalSection(SolutionProperties) = preSolution
		HideSolutionNode = FALSE
	EndGlobalSection
	GlobalSection(ExtensibilityGlobals) = postSolution
		SolutionGuid = {6192B900-B6A2-448B-B987-0DF3C64930B8}
	EndGlobalSection
EndGlobal
